
Microsoft Visual Studio Solution File, Format Version 12.00
# Visual Studio Version 16
VisualStudioVersion = 16.0.35325.158
MinimumVisualStudioVersion = 10.0.40219.1
Project("{FAE04EC0-301F-11D3-BF4B-00C04F79EFBC}") = "TFL.Plugins", "TFL.Plugins\TFL.Plugins.csproj", "{F4B0DD26-74D2-40F1-A216-EEB214446757}"
EndProject
Global
	GlobalSection(SolutionConfigurationPlatforms) = preSolution
		Debug|Any CPU = Debug|Any CPU
		Release|Any CPU = Release|Any CPU
	EndGlobalSection
	GlobalSection(ProjectConfigurationPlatforms) = postSolution
		{F4B0DD26-74D2-40F1-A216-EEB214446757}.Debug|Any CPU.ActiveCfg = Debug|Any CPU
		{F4B0DD26-74D2-40F1-A216-EEB214446757}.Debug|Any CPU.Build.0 = Debug|Any CPU
		{F4B0DD26-74D2-40F1-A216-EEB214446757}.Release|Any CPU.ActiveCfg = Release|Any CPU
		{F4B0DD26-74D2-40F1-A216-EEB214446757}.Release|Any CPU.Build.0 = Release|Any CPU
	EndGlobalSection
	GlobalSection(SolutionProperties) = preSolution
		HideSolutionNode = FALSE
	EndGlobalSection
	GlobalSection(ExtensibilityGlobals) = postSolution
		SolutionGuid = {E8F54B6E-4AD8-4238-AF40-31D924807D46}
	EndGlobalSection
EndGlobal
